{
  "name": "kess-flow",
  "version": "0.1.1",
  "lockfileVersion": 1,
  "requires": true,
  "dependencies": {
    "@types/events": {
      "version": "3.0.0",
      "resolved": "https://registry.npmjs.org/@types/events/-/events-3.0.0.tgz",
      "integrity": "sha512-EaObqwIvayI5a8dCzhFrjKzVwKLxjoG9T6Ppd5CEo07LRKfQ8Yokw54r5+Wq7FaBQ+yXRvQAYPrHwya1/UFt9g==",
      "dev": true
    },
    "@types/ioredis": {
      "version": "4.22.0",
      "resolved": "https://registry.npm.taobao.org/@types/ioredis/download/@types/ioredis-4.22.0.tgz",
      "integrity": "sha1-sHzDQF2YuuUKZCsgeQRxtMPDkKk=",
      "requires": {
        "@types/node": "*"
      }
    },
    "@types/node": {
      "version": "14.14.31",
      "resolved": "https://registry.npm.taobao.org/@types/node/download/@types/node-14.14.31.tgz",
      "integrity": "sha1-cihr0z0TeqDRUtR+x8F2JWPTQFU="
    },
    "@types/uuid": {
      "version": "8.3.0",
      "resolved": "https://registry.npm.taobao.org/@types/uuid/download/@types/uuid-8.3.0.tgz",
      "integrity": "sha1-IVwjHf9zbVupJBDm1gIFDM5+Jz8=",
      "dev": true
    },
    "arg": {
      "version": "4.1.3",
      "resolved": "https://registry.npmjs.org/arg/-/arg-4.1.3.tgz",
      "integrity": "sha512-58S9QDqG0Xx27YwPSt9fJxivjYl432YCwfDMfZ+71RAqUrZef7LrKQZ3LHLOwCS4FLNBplP533Zx895SeOCHvA==",
      "dev": true
    },
    "array-from": {
      "version": "2.1.1",
      "resolved": "https://registry.npm.taobao.org/array-from/download/array-from-2.1.1.tgz",
      "integrity": "sha1-z+nYwmYoudxa7MYqn12PHzUsEZU="
    },
    "balanced-match": {
      "version": "1.0.0",
      "resolved": "https://registry.npm.taobao.org/balanced-match/download/balanced-match-1.0.0.tgz",
      "integrity": "sha1-ibTRmasr7kneFk6gK4nORi1xt2c="
    },
    "brace-expansion": {
      "version": "1.1.11",
      "resolved": "https://registry.npm.taobao.org/brace-expansion/download/brace-expansion-1.1.11.tgz",
      "integrity": "sha1-PH/L9SnYcibz0vUrlm/1Jx60Qd0=",
      "requires": {
        "balanced-match": "^1.0.0",
        "concat-map": "0.0.1"
      }
    },
    "buffer-from": {
      "version": "1.1.1",
      "resolved": "https://registry.npmjs.org/buffer-from/-/buffer-from-1.1.1.tgz",
      "integrity": "sha512-MQcXEUbCKtEo7bhqEs6560Hyd4XaovZlO/k9V3hjVUF/zwW7KBVdSK4gIt/bzwS9MbR5qob+F5jusZsb0YQK2A==",
      "dev": true
    },
    "cluster-key-slot": {
      "version": "1.1.0",
      "resolved": "https://registry.npm.taobao.org/cluster-key-slot/download/cluster-key-slot-1.1.0.tgz",
      "integrity": "sha1-MEdLKpgfsSFyaVgzBSvA0BM20Q0="
    },
    "concat-map": {
      "version": "0.0.1",
      "resolved": "https://registry.npm.taobao.org/concat-map/download/concat-map-0.0.1.tgz",
      "integrity": "sha1-2Klr13/Wjfd5OnMDajug1UBdR3s="
    },
    "create-require": {
      "version": "1.1.1",
      "resolved": "https://registry.npmjs.org/create-require/-/create-require-1.1.1.tgz",
      "integrity": "sha512-dcKFX3jn0MpIaXjisoRvexIJVEKzaq7z2rZKxf+MSr9TkdmHmsU4m2lcLojrj/FHl8mk5VxMmYA+ftRkP/3oKQ==",
      "dev": true
    },
    "d": {
      "version": "1.0.1",
      "resolved": "https://registry.npm.taobao.org/d/download/d-1.0.1.tgz",
      "integrity": "sha1-hpgJU3LVjb7jRv/Qxwk/mfj561o=",
      "requires": {
        "es5-ext": "^0.10.50",
        "type": "^1.0.1"
      }
    },
    "debug": {
      "version": "4.3.1",
      "resolved": "https://registry.npm.taobao.org/debug/download/debug-4.3.1.tgz?cache=0&sync_timestamp=1607566509530&other_urls=https%3A%2F%2Fregistry.npm.taobao.org%2Fdebug%2Fdownload%2Fdebug-4.3.1.tgz",
      "integrity": "sha1-8NIpxQXgxtjEmsVT0bE9wYP2su4=",
      "requires": {
        "ms": "2.1.2"
      }
    },
    "denque": {
      "version": "1.5.0",
      "resolved": "https://registry.npm.taobao.org/denque/download/denque-1.5.0.tgz?cache=0&sync_timestamp=1609785505875&other_urls=https%3A%2F%2Fregistry.npm.taobao.org%2Fdenque%2Fdownload%2Fdenque-1.5.0.tgz",
      "integrity": "sha1-dz3gaG/y2Owv+SkUMWpHtzscc94="
    },
    "diff": {
      "version": "4.0.2",
      "resolved": "https://registry.npmjs.org/diff/-/diff-4.0.2.tgz",
      "integrity": "sha512-58lmxKSA4BNyLz+HHMUzlOEpg09FV+ev6ZMe3vJihgdxzgcwZ8VoEEPmALCZG9LmqfVoNMMKpttIYTVG6uDY7A==",
      "dev": true
    },
    "es5-ext": {
      "version": "0.10.53",
      "resolved": "https://registry.npm.taobao.org/es5-ext/download/es5-ext-0.10.53.tgz",
      "integrity": "sha1-k8WjrP2+8nUiCtcmRK0C7hg2jeE=",
      "requires": {
        "es6-iterator": "~2.0.3",
        "es6-symbol": "~3.1.3",
        "next-tick": "~1.0.0"
      }
    },
    "es6-iterator": {
      "version": "2.0.3",
      "resolved": "https://registry.npm.taobao.org/es6-iterator/download/es6-iterator-2.0.3.tgz",
      "integrity": "sha1-p96IkUGgWpSwhUQDstCg+/qY87c=",
      "requires": {
        "d": "1",
        "es5-ext": "^0.10.35",
        "es6-symbol": "^3.1.1"
      }
    },
    "es6-map": {
      "version": "0.1.5",
      "resolved": "https://registry.npm.taobao.org/es6-map/download/es6-map-0.1.5.tgz",
      "integrity": "sha1-kTbgUD3MBqMBaQ8LsU/042TpSfA=",
      "requires": {
        "d": "1",
        "es5-ext": "~0.10.14",
        "es6-iterator": "~2.0.1",
        "es6-set": "~0.1.5",
        "es6-symbol": "~3.1.1",
        "event-emitter": "~0.3.5"
      }
    },
    "es6-set": {
      "version": "0.1.5",
      "resolved": "https://registry.npm.taobao.org/es6-set/download/es6-set-0.1.5.tgz",
      "integrity": "sha1-0rPsXU2ADO2BjbU40ol02wpzzLE=",
      "requires": {
        "d": "1",
        "es5-ext": "~0.10.14",
        "es6-iterator": "~2.0.1",
        "es6-symbol": "3.1.1",
        "event-emitter": "~0.3.5"
      },
      "dependencies": {
        "es6-symbol": {
          "version": "3.1.1",
          "resolved": "https://registry.npm.taobao.org/es6-symbol/download/es6-symbol-3.1.1.tgz",
          "integrity": "sha1-vwDvT9q2uhtG7Le2KbTH7VcVzHc=",
          "requires": {
            "d": "1",
            "es5-ext": "~0.10.14"
          }
        }
      }
    },
    "es6-symbol": {
      "version": "3.1.3",
      "resolved": "https://registry.npm.taobao.org/es6-symbol/download/es6-symbol-3.1.3.tgz",
      "integrity": "sha1-utXTwbzawoJp9MszHkMceKxwXRg=",
      "requires": {
        "d": "^1.0.1",
        "ext": "^1.1.2"
      }
    },
    "event-emitter": {
      "version": "0.3.5",
      "resolved": "https://registry.npm.taobao.org/event-emitter/download/event-emitter-0.3.5.tgz",
      "integrity": "sha1-34xp7vFkeSPHFXuc6DhAYQsCzDk=",
      "requires": {
        "d": "1",
        "es5-ext": "~0.10.14"
      }
    },
    "events": {
      "version": "3.2.0",
      "resolved": "https://registry.npmjs.org/events/-/events-3.2.0.tgz",
      "integrity": "sha512-/46HWwbfCX2xTawVfkKLGxMifJYQBWMwY1mjywRtb4c9x8l5NP3KoJtnIOiL1hfdRkIuYhETxQlo62IF8tcnlg=="
    },
    "ext": {
      "version": "1.4.0",
      "resolved": "https://registry.npm.taobao.org/ext/download/ext-1.4.0.tgz",
      "integrity": "sha1-ia56BxWPedNVF4gpBDJAd+Q3kkQ=",
      "requires": {
        "type": "^2.0.0"
      },
      "dependencies": {
        "type": {
          "version": "2.3.0",
          "resolved": "https://registry.npm.taobao.org/type/download/type-2.3.0.tgz",
          "integrity": "sha1-rafARfB+rQir+eLt0pvhoMBmETI="
        }
      }
    },
    "fengari": {
      "version": "0.1.4",
      "resolved": "https://registry.npm.taobao.org/fengari/download/fengari-0.1.4.tgz",
      "integrity": "sha1-ckFmk82eQ719gJ14Kd3AV4t4sLs=",
      "requires": {
        "readline-sync": "^1.4.9",
        "sprintf-js": "^1.1.1",
        "tmp": "^0.0.33"
      }
    },
    "fengari-interop": {
      "version": "0.1.2",
      "resolved": "https://registry.npm.taobao.org/fengari-interop/download/fengari-interop-0.1.2.tgz",
      "integrity": "sha1-93MdzdL/REkHP7esPEUaiEHOHoc="
    },
    "ioredis": {
      "version": "4.23.0",
      "resolved": "https://registry.npm.taobao.org/ioredis/download/ioredis-4.23.0.tgz",
      "integrity": "sha1-9htlYzolyT9D/M68rKwvQ0LkGPk=",
      "requires": {
        "cluster-key-slot": "^1.1.0",
        "debug": "^4.1.1",
        "denque": "^1.1.0",
        "lodash.defaults": "^4.2.0",
        "lodash.flatten": "^4.4.0",
        "p-map": "^2.1.0",
        "redis-commands": "1.7.0",
        "redis-errors": "^1.2.0",
        "redis-parser": "^3.0.0",
        "standard-as-callback": "^2.0.1"
      }
    },
    "ioredis-mock": {
      "version": "5.2.4",
      "resolved": "https://registry.npm.taobao.org/ioredis-mock/download/ioredis-mock-5.2.4.tgz",
      "integrity": "sha1-J0pdPniqksAdV57RbdIemiF25So=",
      "requires": {
        "array-from": "^2.1.1",
        "es6-map": "^0.1.5",
        "es6-set": "^0.1.5",
        "fengari": "^0.1.4",
        "fengari-interop": "^0.1.2",
        "lodash": "^4.17.20",
        "minimatch": "^3.0.4",
        "standard-as-callback": "^2.0.1"
      }
    },
    "lodash": {
      "version": "4.17.21",
      "resolved": "https://registry.npm.taobao.org/lodash/download/lodash-4.17.21.tgz?cache=0&sync_timestamp=1613836409504&other_urls=https%3A%2F%2Fregistry.npm.taobao.org%2Flodash%2Fdownload%2Flodash-4.17.21.tgz",
      "integrity": "sha1-Z5WRxWTDv/quhFTPCz3zcMPWkRw="
    },
    "lodash.defaults": {
      "version": "4.2.0",
      "resolved": "https://registry.npm.taobao.org/lodash.defaults/download/lodash.defaults-4.2.0.tgz",
      "integrity": "sha1-0JF4cW/+pN3p5ft7N/bwgCJ0WAw="
    },
    "lodash.flatten": {
      "version": "4.4.0",
      "resolved": "https://registry.npm.taobao.org/lodash.flatten/download/lodash.flatten-4.4.0.tgz",
      "integrity": "sha1-8xwiIlqWMtK7+OSt2+8kCqdlph8="
    },
    "make-error": {
      "version": "1.3.6",
      "resolved": "https://registry.npmjs.org/make-error/-/make-error-1.3.6.tgz",
      "integrity": "sha512-s8UhlNe7vPKomQhC1qFelMokr/Sc3AgNbso3n74mVPA5LTZwkB9NlXf4XPamLxJE8h0gh73rM94xvwRT2CVInw==",
      "dev": true
    },
    "microseconds": {
      "version": "0.2.0",
      "resolved": "https://registry.npm.taobao.org/microseconds/download/microseconds-0.2.0.tgz",
      "integrity": "sha1-Izsl9Qxipl2GH5eKSk+OwYeX3Dk="
    },
    "minimatch": {
      "version": "3.0.4",
      "resolved": "https://registry.npm.taobao.org/minimatch/download/minimatch-3.0.4.tgz",
      "integrity": "sha1-UWbihkV/AzBgZL5Ul+jbsMPTIIM=",
      "requires": {
        "brace-expansion": "^1.1.7"
      }
    },
    "ms": {
      "version": "2.1.2",
      "resolved": "https://registry.npm.taobao.org/ms/download/ms-2.1.2.tgz?cache=0&sync_timestamp=1607433868766&other_urls=https%3A%2F%2Fregistry.npm.taobao.org%2Fms%2Fdownload%2Fms-2.1.2.tgz",
      "integrity": "sha1-0J0fNXtEP0kzgqjrPM0YOHKuYAk="
    },
    "next-tick": {
      "version": "1.0.0",
      "resolved": "https://registry.npm.taobao.org/next-tick/download/next-tick-1.0.0.tgz",
      "integrity": "sha1-yobR/ogoFpsBICCOPchCS524NCw="
    },
    "os-tmpdir": {
      "version": "1.0.2",
      "resolved": "https://registry.npm.taobao.org/os-tmpdir/download/os-tmpdir-1.0.2.tgz",
      "integrity": "sha1-u+Z0BseaqFxc/sdm/lc0VV36EnQ="
    },
    "p-map": {
      "version": "2.1.0",
      "resolved": "https://registry.npm.taobao.org/p-map/download/p-map-2.1.0.tgz",
      "integrity": "sha1-MQko/u+cnsxltosXaTAYpmXOoXU="
    },
    "readline-sync": {
      "version": "1.4.10",
      "resolved": "https://registry.npm.taobao.org/readline-sync/download/readline-sync-1.4.10.tgz",
      "integrity": "sha1-Qd9/u0tjEtZzARWUFFcFv1bYhzs="
    },
    "redis-commands": {
      "version": "1.7.0",
      "resolved": "https://registry.npm.taobao.org/redis-commands/download/redis-commands-1.7.0.tgz",
      "integrity": "sha1-Fab+otWCgeJ7HNGs+0spPieMOok="
    },
    "redis-errors": {
      "version": "1.2.0",
      "resolved": "https://registry.npm.taobao.org/redis-errors/download/redis-errors-1.2.0.tgz",
      "integrity": "sha1-62LSrbFeTq9GEMBK/hUpOEJQq60="
    },
    "redis-parser": {
      "version": "3.0.0",
      "resolved": "https://registry.npm.taobao.org/redis-parser/download/redis-parser-3.0.0.tgz",
      "integrity": "sha1-tm2CjNyv5rS4pCin3vTGvKwxyLQ=",
      "requires": {
        "redis-errors": "^1.0.0"
      }
    },
    "source-map": {
      "version": "0.6.1",
      "resolved": "https://registry.npmjs.org/source-map/-/source-map-0.6.1.tgz",
      "integrity": "sha512-UjgapumWlbMhkBgzT7Ykc5YXUT46F0iKu8SGXq0bcwP5dz/h0Plj6enJqjz1Zbq2l5WaqYnrVbwWOWMyF3F47g==",
      "dev": true
    },
    "source-map-support": {
      "version": "0.5.19",
      "resolved": "https://registry.npmjs.org/source-map-support/-/source-map-support-0.5.19.tgz",
      "integrity": "sha512-Wonm7zOCIJzBGQdB+thsPar0kYuCIzYvxZwlBa87yi/Mdjv7Tip2cyVbLj5o0cFPN4EVkuTwb3GDDyUx2DGnGw==",
      "dev": true,
      "requires": {
        "buffer-from": "^1.0.0",
        "source-map": "^0.6.0"
      }
    },
    "sprintf-js": {
      "version": "1.1.2",
      "resolved": "https://registry.npm.taobao.org/sprintf-js/download/sprintf-js-1.1.2.tgz",
      "integrity": "sha1-2hdlJiv4wPVxdJ8q1sJjACB65nM="
    },
    "standard-as-callback": {
      "version": "2.0.1",
      "resolved": "https://registry.npm.taobao.org/standard-as-callback/download/standard-as-callback-2.0.1.tgz",
      "integrity": "sha1-7YuyVkjhWDF1m2Ajvbh+a2CzgSY="
    },
    "tmp": {
      "version": "0.0.33",
      "resolved": "https://registry.npm.taobao.org/tmp/download/tmp-0.0.33.tgz?cache=0&sync_timestamp=1593529861002&other_urls=https%3A%2F%2Fregistry.npm.taobao.org%2Ftmp%2Fdownload%2Ftmp-0.0.33.tgz",
      "integrity": "sha1-bTQzWIl2jSGyvNoKonfO07G/rfk=",
      "requires": {
        "os-tmpdir": "~1.0.2"
      }
    },
    "ts-node": {
      "version": "9.1.1",
      "resolved": "https://registry.npmjs.org/ts-node/-/ts-node-9.1.1.tgz",
      "integrity": "sha512-hPlt7ZACERQGf03M253ytLY3dHbGNGrAq9qIHWUY9XHYl1z7wYngSr3OQ5xmui8o2AaxsONxIzjafLUiWBo1Fg==",
      "dev": true,
      "requires": {
        "arg": "^4.1.0",
        "create-require": "^1.1.0",
        "diff": "^4.0.1",
        "make-error": "^1.1.1",
        "source-map-support": "^0.5.17",
        "yn": "3.1.1"
      }
    },
    "type": {
      "version": "1.2.0",
      "resolved": "https://registry.npm.taobao.org/type/download/type-1.2.0.tgz",
      "integrity": "sha1-hI3XaY2vo+VKbEeedZxLw/GIR6A="
    },
    "typescript": {
      "version": "4.2.2",
      "resolved": "https://registry.npmjs.org/typescript/-/typescript-4.2.2.tgz",
      "integrity": "sha512-tbb+NVrLfnsJy3M59lsDgrzWIflR4d4TIUjz+heUnHZwdF7YsrMTKoRERiIvI2lvBG95dfpLxB21WZhys1bgaQ=="
    },
    "uuid": {
      "version": "8.3.2",
      "resolved": "https://registry.npmjs.org/uuid/-/uuid-8.3.2.tgz",
      "integrity": "sha512-+NYs2QeMWy+GWFOEm9xnn6HCDp0l7QBD7ml8zLUmJ+93Q5NF0NocErnwkTkXVFNiX3/fpC6afS8Dhb/gz7R7eg=="
    },
    "yn": {
      "version": "3.1.1",
      "resolved": "https://registry.npmjs.org/yn/-/yn-3.1.1.tgz",
      "integrity": "sha512-Ux4ygGWsu2c7isFWe8Yu1YluJmqVhxqK2cLXNQA5AcC3QfbGNpM7fu0Y8b/z16pXLnFxZYvWhd3fhBY9DLmC6Q==",
      "dev": true
    }
  }
}
